
Microsoft Visual Studio Solution File, Format Version 12.00
# Visual Studio 15
VisualStudioVersion = 15.0.28307.271
MinimumVisualStudioVersion = 10.0.40219.1
Project("{FAE04EC0-301F-11D3-BF4B-00C04F79EFBC}") = "DiveLogger.Android", "DiveLogger\DiveLogger.Android\DiveLogger.Android.csproj", "{C1DEC287-67AD-42C3-A58B-94D3BBB00018}"
EndProject
Project("{FAE04EC0-301F-11D3-BF4B-00C04F79EFBC}") = "DiveLogger.iOS", "DiveLogger\DiveLogger.iOS\DiveLogger.iOS.csproj", "{C2C41906-CE4E-472F-AC18-E0A4FB46DB05}"
EndProject
Project("{FAE04EC0-301F-11D3-BF4B-00C04F79EFBC}") = "DiveLogger.UWP", "DiveLogger\DiveLogger.UWP\DiveLogger.UWP.csproj", "{C4BEF92F-60DE-4B72-B52B-1455269F03D8}"
EndProject
Project("{9A19103F-16F7-4668-BE54-9A1E7A4F7556}") = "DiveLogger", "DiveLogger\DiveLogger\DiveLogger.csproj", "{6FB1AAFC-3FDC-4839-B995-061EE8C03827}"
EndProject
Project("{9A19103F-16F7-4668-BE54-9A1E7A4F7556}") = "Tests", "Tests\Tests.csproj", "{7C03B3C0-62F2-4450-8911-55BB05D3BDFE}"
EndProject
Global
	GlobalSection(SolutionConfigurationPlatforms) = preSolution
		Ad-Hoc|Any CPU = Ad-Hoc|Any CPU
		Ad-Hoc|ARM = Ad-Hoc|ARM
		Ad-Hoc|iPhone = Ad-Hoc|iPhone
		Ad-Hoc|iPhoneSimulator = Ad-Hoc|iPhoneSimulator
		Ad-Hoc|x64 = Ad-Hoc|x64
		Ad-Hoc|x86 = Ad-Hoc|x86
		AppStore|Any CPU = AppStore|Any CPU
		AppStore|ARM = AppStore|ARM
		AppStore|iPhone = AppStore|iPhone
		AppStore|iPhoneSimulator = AppStore|iPhoneSimulator
		AppStore|x64 = AppStore|x64
		AppStore|x86 = AppStore|x86
		Debug|Any CPU = Debug|Any CPU
		Debug|ARM = Debug|ARM
		Debug|iPhone = Debug|iPhone
		Debug|iPhoneSimulator = Debug|iPhoneSimulator
		Debug|x64 = Debug|x64
		Debug|x86 = Debug|x86
		Release|Any CPU = Release|Any CPU
		Release|ARM = Release|ARM
		Release|iPhone = Release|iPhone
		Release|iPhoneSimulator = Release|iPhoneSimulator
		Release|x64 = Release|x64
		Release|x86 = Release|x86
	EndGlobalSection
	GlobalSection(ProjectConfigurationPlatforms) = postSolution
		{C1DEC287-67AD-42C3-A58B-94D3BBB00018}.Ad-Hoc|Any CPU.ActiveCfg = Release|Any CPU
		{C1DEC287-67AD-42C3-A58B-94D3BBB00018}.Ad-Hoc|Any CPU.Build.0 = Release|Any CPU
		{C1DEC287-67AD-42C3-A58B-94D3BBB00018}.Ad-Hoc|Any CPU.Deploy.0 = Release|Any CPU
		{C1DEC287-67AD-42C3-A58B-94D3BBB00018}.Ad-Hoc|ARM.ActiveCfg = Release|Any CPU
		{C1DEC287-67AD-42C3-A58B-94D3BBB00018}.Ad-Hoc|ARM.Build.0 = Release|Any CPU
		{C1DEC287-67AD-42C3-A58B-94D3BBB00018}.Ad-Hoc|ARM.Deploy.0 = Release|Any CPU
		{C1DEC287-67AD-42C3-A58B-94D3BBB00018}.Ad-Hoc|iPhone.ActiveCfg = Release|Any CPU
		{C1DEC287-67AD-42C3-A58B-94D3BBB00018}.Ad-Hoc|iPhone.Build.0 = Release|Any CPU
		{C1DEC287-67AD-42C3-A58B-94D3BBB00018}.Ad-Hoc|iPhone.Deploy.0 = Release|Any CPU
		{C1DEC287-67AD-42C3-A58B-94D3BBB00018}.Ad-Hoc|iPhoneSimulator.ActiveCfg = Release|Any CPU
		{C1DEC287-67AD-42C3-A58B-94D3BBB00018}.Ad-Hoc|iPhoneSimulator.Build.0 = Release|Any CPU
		{C1DEC287-67AD-42C3-A58B-94D3BBB00018}.Ad-Hoc|iPhoneSimulator.Deploy.0 = Release|Any CPU
		{C1DEC287-67AD-42C3-A58B-94D3BBB00018}.Ad-Hoc|x64.ActiveCfg = Release|Any CPU
		{C1DEC287-67AD-42C3-A58B-94D3BBB00018}.Ad-Hoc|x64.Build.0 = Release|Any CPU
		{C1DEC287-67AD-42C3-A58B-94D3BBB00018}.Ad-Hoc|x64.Deploy.0 = Release|Any CPU
		{C1DEC287-67AD-42C3-A58B-94D3BBB00018}.Ad-Hoc|x86.ActiveCfg = Release|Any CPU
		{C1DEC287-67AD-42C3-A58B-94D3BBB00018}.Ad-Hoc|x86.Build.0 = Release|Any CPU
		{C1DEC287-67AD-42C3-A58B-94D3BBB00018}.Ad-Hoc|x86.Deploy.0 = Release|Any CPU
		{C1DEC287-67AD-42C3-A58B-94D3BBB00018}.AppStore|Any CPU.ActiveCfg = Release|Any CPU
		{C1DEC287-67AD-42C3-A58B-94D3BBB00018}.AppStore|Any CPU.Build.0 = Release|Any CPU
		{C1DEC287-67AD-42C3-A58B-94D3BBB00018}.AppStore|Any CPU.Deploy.0 = Release|Any CPU
		{C1DEC287-67AD-42C3-A58B-94D3BBB00018}.AppStore|ARM.ActiveCfg = Release|Any CPU
		{C1DEC287-67AD-42C3-A58B-94D3BBB00018}.AppStore|ARM.Build.0 = Release|Any CPU
		{C1DEC287-67AD-42C3-A58B-94D3BBB00018}.AppStore|ARM.Deploy.0 = Release|Any CPU
		{C1DEC287-67AD-42C3-A58B-94D3BBB00018}.AppStore|iPhone.ActiveCfg = Release|Any CPU
		{C1DEC287-67AD-42C3-A58B-94D3BBB00018}.AppStore|iPhone.Build.0 = Release|Any CPU
		{C1DEC287-67AD-42C3-A58B-94D3BBB00018}.AppStore|iPhone.Deploy.0 = Release|Any CPU
		{C1DEC287-67AD-42C3-A58B-94D3BBB00018}.AppStore|iPhoneSimulator.ActiveCfg = Release|Any CPU
		{C1DEC287-67AD-42C3-A58B-94D3BBB00018}.AppStore|iPhoneSimulator.Build.0 = Release|Any CPU
		{C1DEC287-67AD-42C3-A58B-94D3BBB00018}.AppStore|iPhoneSimulator.Deploy.0 = Release|Any CPU
		{C1DEC287-67AD-42C3-A58B-94D3BBB00018}.AppStore|x64.ActiveCfg = Release|Any CPU
		{C1DEC287-67AD-42C3-A58B-94D3BBB00018}.AppStore|x64.Build.0 = Release|Any CPU
		{C1DEC287-67AD-42C3-A58B-94D3BBB00018}.AppStore|x64.Deploy.0 = Release|Any CPU
		{C1DEC287-67AD-42C3-A58B-94D3BBB00018}.AppStore|x86.ActiveCfg = Release|Any CPU
		{C1DEC287-67AD-42C3-A58B-94D3BBB00018}.AppStore|x86.Build.0 = Release|Any CPU
		{C1DEC287-67AD-42C3-A58B-94D3BBB00018}.AppStore|x86.Deploy.0 = Release|Any CPU
		{C1DEC287-67AD-42C3-A58B-94D3BBB00018}.Debug|Any CPU.ActiveCfg = Debug|Any CPU
		{C1DEC287-67AD-42C3-A58B-94D3BBB00018}.Debug|Any CPU.Build.0 = Debug|Any CPU
		{C1DEC287-67AD-42C3-A58B-94D3BBB00018}.Debug|Any CPU.Deploy.0 = Debug|Any CPU
		{C1DEC287-67AD-42C3-A58B-94D3BBB00018}.Debug|ARM.ActiveCfg = Debug|Any CPU
		{C1DEC287-67AD-42C3-A58B-94D3BBB00018}.Debug|ARM.Build.0 = Debug|Any CPU
		{C1DEC287-67AD-42C3-A58B-94D3BBB00018}.Debug|ARM.Deploy.0 = Debug|Any CPU
		{C1DEC287-67AD-42C3-A58B-94D3BBB00018}.Debug|iPhone.ActiveCfg = Debug|Any CPU
		{C1DEC287-67AD-42C3-A58B-94D3BBB00018}.Debug|iPhone.Build.0 = Debug|Any CPU
		{C1DEC287-67AD-42C3-A58B-94D3BBB00018}.Debug|iPhone.Deploy.0 = Debug|Any CPU
		{C1DEC287-67AD-42C3-A58B-94D3BBB00018}.Debug|iPhoneSimulator.ActiveCfg = Debug|Any CPU
		{C1DEC287-67AD-42C3-A58B-94D3BBB00018}.Debug|iPhoneSimulator.Build.0 = Debug|Any CPU
		{C1DEC287-67AD-42C3-A58B-94D3BBB00018}.Debug|iPhoneSimulator.Deploy.0 = Debug|Any CPU
		{C1DEC287-67AD-42C3-A58B-94D3BBB00018}.Debug|x64.ActiveCfg = Debug|Any CPU
		{C1DEC287-67AD-42C3-A58B-94D3BBB00018}.Debug|x64.Build.0 = Debug|Any CPU
		{C1DEC287-67AD-42C3-A58B-94D3BBB00018}.Debug|x64.Deploy.0 = Debug|Any CPU
		{C1DEC287-67AD-42C3-A58B-94D3BBB00018}.Debug|x86.ActiveCfg = Debug|Any CPU
		{C1DEC287-67AD-42C3-A58B-94D3BBB00018}.Debug|x86.Build.0 = Debug|Any CPU
		{C1DEC287-67AD-42C3-A58B-94D3BBB00018}.Debug|x86.Deploy.0 = Debug|Any CPU
		{C1DEC287-67AD-42C3-A58B-94D3BBB00018}.Release|Any CPU.ActiveCfg = Release|Any CPU
		{C1DEC287-67AD-42C3-A58B-94D3BBB00018}.Release|Any CPU.Build.0 = Release|Any CPU
		{C1DEC287-67AD-42C3-A58B-94D3BBB00018}.Release|Any CPU.Deploy.0 = Release|Any CPU
		{C1DEC287-67AD-42C3-A58B-94D3BBB00018}.Release|ARM.ActiveCfg = Release|Any CPU
		{C1DEC287-67AD-42C3-A58B-94D3BBB00018}.Release|ARM.Build.0 = Release|Any CPU
		{C1DEC287-67AD-42C3-A58B-94D3BBB00018}.Release|ARM.Deploy.0 = Release|Any CPU
		{C1DEC287-67AD-42C3-A58B-94D3BBB00018}.Release|iPhone.ActiveCfg = Release|Any CPU
		{C1DEC287-67AD-42C3-A58B-94D3BBB00018}.Release|iPhone.Build.0 = Release|Any CPU
		{C1DEC287-67AD-42C3-A58B-94D3BBB00018}.Release|iPhone.Deploy.0 = Release|Any CPU
		{C1DEC287-67AD-42C3-A58B-94D3BBB00018}.Release|iPhoneSimulator.ActiveCfg = Release|Any CPU
		{C1DEC287-67AD-42C3-A58B-94D3BBB00018}.Release|iPhoneSimulator.Build.0 = Release|Any CPU
		{C1DEC287-67AD-42C3-A58B-94D3BBB00018}.Release|iPhoneSimulator.Deploy.0 = Release|Any CPU
		{C1DEC287-67AD-42C3-A58B-94D3BBB00018}.Release|x64.ActiveCfg = Release|Any CPU
		{C1DEC287-67AD-42C3-A58B-94D3BBB00018}.Release|x64.Build.0 = Release|Any CPU
		{C1DEC287-67AD-42C3-A58B-94D3BBB00018}.Release|x64.Deploy.0 = Release|Any CPU
		{C1DEC287-67AD-42C3-A58B-94D3BBB00018}.Release|x86.ActiveCfg = Release|Any CPU
		{C1DEC287-67AD-42C3-A58B-94D3BBB00018}.Release|x86.Build.0 = Release|Any CPU
		{C1DEC287-67AD-42C3-A58B-94D3BBB00018}.Release|x86.Deploy.0 = Release|Any CPU
		{C2C41906-CE4E-472F-AC18-E0A4FB46DB05}.Ad-Hoc|Any CPU.ActiveCfg = Ad-Hoc|iPhone
		{C2C41906-CE4E-472F-AC18-E0A4FB46DB05}.Ad-Hoc|Any CPU.Build.0 = Ad-Hoc|iPhone
		{C2C41906-CE4E-472F-AC18-E0A4FB46DB05}.Ad-Hoc|Any CPU.Deploy.0 = Ad-Hoc|iPhone
		{C2C41906-CE4E-472F-AC18-E0A4FB46DB05}.Ad-Hoc|ARM.ActiveCfg = Ad-Hoc|iPhone
		{C2C41906-CE4E-472F-AC18-E0A4FB46DB05}.Ad-Hoc|ARM.Build.0 = Ad-Hoc|iPhone
		{C2C41906-CE4E-472F-AC18-E0A4FB46DB05}.Ad-Hoc|ARM.Deploy.0 = Ad-Hoc|iPhone
		{C2C41906-CE4E-472F-AC18-E0A4FB46DB05}.Ad-Hoc|iPhone.ActiveCfg = Ad-Hoc|iPhone
		{C2C41906-CE4E-472F-AC18-E0A4FB46DB05}.Ad-Hoc|iPhone.Build.0 = Ad-Hoc|iPhone
		{C2C41906-CE4E-472F-AC18-E0A4FB46DB05}.Ad-Hoc|iPhone.Deploy.0 = Ad-Hoc|iPhone
		{C2C41906-CE4E-472F-AC18-E0A4FB46DB05}.Ad-Hoc|iPhoneSimulator.ActiveCfg = Ad-Hoc|iPhoneSimulator
		{C2C41906-CE4E-472F-AC18-E0A4FB46DB05}.Ad-Hoc|iPhoneSimulator.Build.0 = Ad-Hoc|iPhoneSimulator
		{C2C41906-CE4E-472F-AC18-E0A4FB46DB05}.Ad-Hoc|iPhoneSimulator.Deploy.0 = Ad-Hoc|iPhoneSimulator
		{C2C41906-CE4E-472F-AC18-E0A4FB46DB05}.Ad-Hoc|x64.ActiveCfg = Ad-Hoc|iPhone
		{C2C41906-CE4E-472F-AC18-E0A4FB46DB05}.Ad-Hoc|x64.Build.0 = Ad-Hoc|iPhone
		{C2C41906-CE4E-472F-AC18-E0A4FB46DB05}.Ad-Hoc|x64.Deploy.0 = Ad-Hoc|iPhone
		{C2C41906-CE4E-472F-AC18-E0A4FB46DB05}.Ad-Hoc|x86.ActiveCfg = Ad-Hoc|iPhone
		{C2C41906-CE4E-472F-AC18-E0A4FB46DB05}.Ad-Hoc|x86.Build.0 = Ad-Hoc|iPhone
		{C2C41906-CE4E-472F-AC18-E0A4FB46DB05}.Ad-Hoc|x86.Deploy.0 = Ad-Hoc|iPhone
		{C2C41906-CE4E-472F-AC18-E0A4FB46DB05}.AppStore|Any CPU.ActiveCfg = AppStore|iPhone
		{C2C41906-CE4E-472F-AC18-E0A4FB46DB05}.AppStore|Any CPU.Build.0 = AppStore|iPhone
		{C2C41906-CE4E-472F-AC18-E0A4FB46DB05}.AppStore|Any CPU.Deploy.0 = AppStore|iPhone
		{C2C41906-CE4E-472F-AC18-E0A4FB46DB05}.AppStore|ARM.ActiveCfg = AppStore|iPhone
		{C2C41906-CE4E-472F-AC18-E0A4FB46DB05}.AppStore|ARM.Build.0 = AppStore|iPhone
		{C2C41906-CE4E-472F-AC18-E0A4FB46DB05}.AppStore|ARM.Deploy.0 = AppStore|iPhone
		{C2C41906-CE4E-472F-AC18-E0A4FB46DB05}.AppStore|iPhone.ActiveCfg = AppStore|iPhone
		{C2C41906-CE4E-472F-AC18-E0A4FB46DB05}.AppStore|iPhone.Build.0 = AppStore|iPhone
		{C2C41906-CE4E-472F-AC18-E0A4FB46DB05}.AppStore|iPhone.Deploy.0 = AppStore|iPhone
		{C2C41906-CE4E-472F-AC18-E0A4FB46DB05}.AppStore|iPhoneSimulator.ActiveCfg = AppStore|iPhoneSimulator
		{C2C41906-CE4E-472F-AC18-E0A4FB46DB05}.AppStore|iPhoneSimulator.Build.0 = AppStore|iPhoneSimulator
		{C2C41906-CE4E-472F-AC18-E0A4FB46DB05}.AppStore|iPhoneSimulator.Deploy.0 = AppStore|iPhoneSimulator
		{C2C41906-CE4E-472F-AC18-E0A4FB46DB05}.AppStore|x64.ActiveCfg = AppStore|iPhone
		{C2C41906-CE4E-472F-AC18-E0A4FB46DB05}.AppStore|x64.Build.0 = AppStore|iPhone
		{C2C41906-CE4E-472F-AC18-E0A4FB46DB05}.AppStore|x64.Deploy.0 = AppStore|iPhone
		{C2C41906-CE4E-472F-AC18-E0A4FB46DB05}.AppStore|x86.ActiveCfg = AppStore|iPhone
		{C2C41906-CE4E-472F-AC18-E0A4FB46DB05}.AppStore|x86.Build.0 = AppStore|iPhone
		{C2C41906-CE4E-472F-AC18-E0A4FB46DB05}.AppStore|x86.Deploy.0 = AppStore|iPhone
		{C2C41906-CE4E-472F-AC18-E0A4FB46DB05}.Debug|Any CPU.ActiveCfg = Debug|iPhoneSimulator
		{C2C41906-CE4E-472F-AC18-E0A4FB46DB05}.Debug|Any CPU.Deploy.0 = Debug|iPhoneSimulator
		{C2C41906-CE4E-472F-AC18-E0A4FB46DB05}.Debug|ARM.ActiveCfg = Debug|iPhone
		{C2C41906-CE4E-472F-AC18-E0A4FB46DB05}.Debug|ARM.Build.0 = Debug|iPhone
		{C2C41906-CE4E-472F-AC18-E0A4FB46DB05}.Debug|ARM.Deploy.0 = Debug|iPhone
		{C2C41906-CE4E-472F-AC18-E0A4FB46DB05}.Debug|iPhone.ActiveCfg = Debug|iPhone
		{C2C41906-CE4E-472F-AC18-E0A4FB46DB05}.Debug|iPhone.Build.0 = Debug|iPhone
		{C2C41906-CE4E-472F-AC18-E0A4FB46DB05}.Debug|iPhone.Deploy.0 = Debug|iPhone
		{C2C41906-CE4E-472F-AC18-E0A4FB46DB05}.Debug|iPhoneSimulator.ActiveCfg = Debug|iPhoneSimulator
		{C2C41906-CE4E-472F-AC18-E0A4FB46DB05}.Debug|iPhoneSimulator.Build.0 = Debug|iPhoneSimulator
		{C2C41906-CE4E-472F-AC18-E0A4FB46DB05}.Debug|iPhoneSimulator.Deploy.0 = Debug|iPhoneSimulator
		{C2C41906-CE4E-472F-AC18-E0A4FB46DB05}.Debug|x64.ActiveCfg = Debug|iPhone
		{C2C41906-CE4E-472F-AC18-E0A4FB46DB05}.Debug|x64.Build.0 = Debug|iPhone
		{C2C41906-CE4E-472F-AC18-E0A4FB46DB05}.Debug|x64.Deploy.0 = Debug|iPhone
		{C2C41906-CE4E-472F-AC18-E0A4FB46DB05}.Debug|x86.ActiveCfg = Debug|iPhone
		{C2C41906-CE4E-472F-AC18-E0A4FB46DB05}.Debug|x86.Deploy.0 = Debug|iPhone
		{C2C41906-CE4E-472F-AC18-E0A4FB46DB05}.Release|Any CPU.ActiveCfg = Release|iPhone
		{C2C41906-CE4E-472F-AC18-E0A4FB46DB05}.Release|Any CPU.Build.0 = Release|iPhone
		{C2C41906-CE4E-472F-AC18-E0A4FB46DB05}.Release|Any CPU.Deploy.0 = Release|iPhone
		{C2C41906-CE4E-472F-AC18-E0A4FB46DB05}.Release|ARM.ActiveCfg = Release|iPhone
		{C2C41906-CE4E-472F-AC18-E0A4FB46DB05}.Release|ARM.Build.0 = Release|iPhone
		{C2C41906-CE4E-472F-AC18-E0A4FB46DB05}.Release|ARM.Deploy.0 = Release|iPhone
		{C2C41906-CE4E-472F-AC18-E0A4FB46DB05}.Release|iPhone.ActiveCfg = Release|iPhone
		{C2C41906-CE4E-472F-AC18-E0A4FB46DB05}.Release|iPhone.Build.0 = Release|iPhone
		{C2C41906-CE4E-472F-AC18-E0A4FB46DB05}.Release|iPhone.Deploy.0 = Release|iPhone
		{C2C41906-CE4E-472F-AC18-E0A4FB46DB05}.Release|iPhoneSimulator.ActiveCfg = Release|iPhoneSimulator
		{C2C41906-CE4E-472F-AC18-E0A4FB46DB05}.Release|iPhoneSimulator.Build.0 = Release|iPhoneSimulator
		{C2C41906-CE4E-472F-AC18-E0A4FB46DB05}.Release|iPhoneSimulator.Deploy.0 = Release|iPhoneSimulator
		{C2C41906-CE4E-472F-AC18-E0A4FB46DB05}.Release|x64.ActiveCfg = Release|iPhone
		{C2C41906-CE4E-472F-AC18-E0A4FB46DB05}.Release|x64.Build.0 = Release|iPhone
		{C2C41906-CE4E-472F-AC18-E0A4FB46DB05}.Release|x64.Deploy.0 = Release|iPhone
		{C2C41906-CE4E-472F-AC18-E0A4FB46DB05}.Release|x86.ActiveCfg = Release|iPhone
		{C2C41906-CE4E-472F-AC18-E0A4FB46DB05}.Release|x86.Build.0 = Release|iPhone
		{C2C41906-CE4E-472F-AC18-E0A4FB46DB05}.Release|x86.Deploy.0 = Release|iPhone
		{C4BEF92F-60DE-4B72-B52B-1455269F03D8}.Ad-Hoc|Any CPU.ActiveCfg = Release|x86
		{C4BEF92F-60DE-4B72-B52B-1455269F03D8}.Ad-Hoc|Any CPU.Build.0 = Release|x86
		{C4BEF92F-60DE-4B72-B52B-1455269F03D8}.Ad-Hoc|Any CPU.Deploy.0 = Release|x86
		{C4BEF92F-60DE-4B72-B52B-1455269F03D8}.Ad-Hoc|ARM.ActiveCfg = Release|ARM
		{C4BEF92F-60DE-4B72-B52B-1455269F03D8}.Ad-Hoc|ARM.Build.0 = Release|ARM
		{C4BEF92F-60DE-4B72-B52B-1455269F03D8}.Ad-Hoc|ARM.Deploy.0 = Release|ARM
		{C4BEF92F-60DE-4B72-B52B-1455269F03D8}.Ad-Hoc|iPhone.ActiveCfg = Release|x86
		{C4BEF92F-60DE-4B72-B52B-1455269F03D8}.Ad-Hoc|iPhone.Build.0 = Release|x86
		{C4BEF92F-60DE-4B72-B52B-1455269F03D8}.Ad-Hoc|iPhone.Deploy.0 = Release|x86
		{C4BEF92F-60DE-4B72-B52B-1455269F03D8}.Ad-Hoc|iPhoneSimulator.ActiveCfg = Release|x86
		{C4BEF92F-60DE-4B72-B52B-1455269F03D8}.Ad-Hoc|iPhoneSimulator.Build.0 = Release|x86
		{C4BEF92F-60DE-4B72-B52B-1455269F03D8}.Ad-Hoc|iPhoneSimulator.Deploy.0 = Release|x86
		{C4BEF92F-60DE-4B72-B52B-1455269F03D8}.Ad-Hoc|x64.ActiveCfg = Release|x64
		{C4BEF92F-60DE-4B72-B52B-1455269F03D8}.Ad-Hoc|x64.Build.0 = Release|x64
		{C4BEF92F-60DE-4B72-B52B-1455269F03D8}.Ad-Hoc|x64.Deploy.0 = Release|x64
		{C4BEF92F-60DE-4B72-B52B-1455269F03D8}.Ad-Hoc|x86.ActiveCfg = Release|x86
		{C4BEF92F-60DE-4B72-B52B-1455269F03D8}.Ad-Hoc|x86.Build.0 = Release|x86
		{C4BEF92F-60DE-4B72-B52B-1455269F03D8}.Ad-Hoc|x86.Deploy.0 = Release|x86
		{C4BEF92F-60DE-4B72-B52B-1455269F03D8}.AppStore|Any CPU.ActiveCfg = Release|x86
		{C4BEF92F-60DE-4B72-B52B-1455269F03D8}.AppStore|Any CPU.Build.0 = Release|x86
		{C4BEF92F-60DE-4B72-B52B-1455269F03D8}.AppStore|Any CPU.Deploy.0 = Release|x86
		{C4BEF92F-60DE-4B72-B52B-1455269F03D8}.AppStore|ARM.ActiveCfg = Release|ARM
		{C4BEF92F-60DE-4B72-B52B-1455269F03D8}.AppStore|ARM.Build.0 = Release|ARM
		{C4BEF92F-60DE-4B72-B52B-1455269F03D8}.AppStore|ARM.Deploy.0 = Release|ARM
		{C4BEF92F-60DE-4B72-B52B-1455269F03D8}.AppStore|iPhone.ActiveCfg = Release|x86
		{C4BEF92F-60DE-4B72-B52B-1455269F03D8}.AppStore|iPhone.Build.0 = Release|x86
		{C4BEF92F-60DE-4B72-B52B-1455269F03D8}.AppStore|iPhone.Deploy.0 = Release|x86
		{C4BEF92F-60DE-4B72-B52B-1455269F03D8}.AppStore|iPhoneSimulator.ActiveCfg = Release|x86
		{C4BEF92F-60DE-4B72-B52B-1455269F03D8}.AppStore|iPhoneSimulator.Build.0 = Release|x86
		{C4BEF92F-60DE-4B72-B52B-1455269F03D8}.AppStore|iPhoneSimulator.Deploy.0 = Release|x86
		{C4BEF92F-60DE-4B72-B52B-1455269F03D8}.AppStore|x64.ActiveCfg = Release|x64
		{C4BEF92F-60DE-4B72-B52B-1455269F03D8}.AppStore|x64.Build.0 = Release|x64
		{C4BEF92F-60DE-4B72-B52B-1455269F03D8}.AppStore|x64.Deploy.0 = Release|x64
		{C4BEF92F-60DE-4B72-B52B-1455269F03D8}.AppStore|x86.ActiveCfg = Release|x86
		{C4BEF92F-60DE-4B72-B52B-1455269F03D8}.AppStore|x86.Build.0 = Release|x86
		{C4BEF92F-60DE-4B72-B52B-1455269F03D8}.AppStore|x86.Deploy.0 = Release|x86
		{C4BEF92F-60DE-4B72-B52B-1455269F03D8}.Debug|Any CPU.ActiveCfg = Debug|x86
		{C4BEF92F-60DE-4B72-B52B-1455269F03D8}.Debug|Any CPU.Build.0 = Debug|x86
		{C4BEF92F-60DE-4B72-B52B-1455269F03D8}.Debug|ARM.ActiveCfg = Debug|ARM
		{C4BEF92F-60DE-4B72-B52B-1455269F03D8}.Debug|ARM.Build.0 = Debug|ARM
		{C4BEF92F-60DE-4B72-B52B-1455269F03D8}.Debug|ARM.Deploy.0 = Debug|ARM
		{C4BEF92F-60DE-4B72-B52B-1455269F03D8}.Debug|iPhone.ActiveCfg = Debug|x86
		{C4BEF92F-60DE-4B72-B52B-1455269F03D8}.Debug|iPhone.Build.0 = Debug|x86
		{C4BEF92F-60DE-4B72-B52B-1455269F03D8}.Debug|iPhone.Deploy.0 = Debug|x86
		{C4BEF92F-60DE-4B72-B52B-1455269F03D8}.Debug|iPhoneSimulator.ActiveCfg = Debug|x86
		{C4BEF92F-60DE-4B72-B52B-1455269F03D8}.Debug|iPhoneSimulator.Build.0 = Debug|x86
		{C4BEF92F-60DE-4B72-B52B-1455269F03D8}.Debug|iPhoneSimulator.Deploy.0 = Debug|x86
		{C4BEF92F-60DE-4B72-B52B-1455269F03D8}.Debug|x64.ActiveCfg = Debug|x64
		{C4BEF92F-60DE-4B72-B52B-1455269F03D8}.Debug|x64.Build.0 = Debug|x64
		{C4BEF92F-60DE-4B72-B52B-1455269F03D8}.Debug|x64.Deploy.0 = Debug|x64
		{C4BEF92F-60DE-4B72-B52B-1455269F03D8}.Debug|x86.ActiveCfg = Debug|x86
		{C4BEF92F-60DE-4B72-B52B-1455269F03D8}.Debug|x86.Build.0 = Debug|x86
		{C4BEF92F-60DE-4B72-B52B-1455269F03D8}.Debug|x86.Deploy.0 = Debug|x86
		{C4BEF92F-60DE-4B72-B52B-1455269F03D8}.Release|Any CPU.ActiveCfg = Release|x86
		{C4BEF92F-60DE-4B72-B52B-1455269F03D8}.Release|Any CPU.Build.0 = Release|x86
		{C4BEF92F-60DE-4B72-B52B-1455269F03D8}.Release|Any CPU.Deploy.0 = Release|x86
		{C4BEF92F-60DE-4B72-B52B-1455269F03D8}.Release|ARM.ActiveCfg = Release|ARM
		{C4BEF92F-60DE-4B72-B52B-1455269F03D8}.Release|ARM.Build.0 = Release|ARM
		{C4BEF92F-60DE-4B72-B52B-1455269F03D8}.Release|ARM.Deploy.0 = Release|ARM
		{C4BEF92F-60DE-4B72-B52B-1455269F03D8}.Release|iPhone.ActiveCfg = Release|x86
		{C4BEF92F-60DE-4B72-B52B-1455269F03D8}.Release|iPhone.Build.0 = Release|x86
		{C4BEF92F-60DE-4B72-B52B-1455269F03D8}.Release|iPhone.Deploy.0 = Release|x86
		{C4BEF92F-60DE-4B72-B52B-1455269F03D8}.Release|iPhoneSimulator.ActiveCfg = Release|x86
		{C4BEF92F-60DE-4B72-B52B-1455269F03D8}.Release|iPhoneSimulator.Build.0 = Release|x86
		{C4BEF92F-60DE-4B72-B52B-1455269F03D8}.Release|iPhoneSimulator.Deploy.0 = Release|x86
		{C4BEF92F-60DE-4B72-B52B-1455269F03D8}.Release|x64.ActiveCfg = Release|x64
		{C4BEF92F-60DE-4B72-B52B-1455269F03D8}.Release|x64.Build.0 = Release|x64
		{C4BEF92F-60DE-4B72-B52B-1455269F03D8}.Release|x64.Deploy.0 = Release|x64
		{C4BEF92F-60DE-4B72-B52B-1455269F03D8}.Release|x86.ActiveCfg = Release|x86
		{C4BEF92F-60DE-4B72-B52B-1455269F03D8}.Release|x86.Build.0 = Release|x86
		{C4BEF92F-60DE-4B72-B52B-1455269F03D8}.Release|x86.Deploy.0 = Release|x86
		{6FB1AAFC-3FDC-4839-B995-061EE8C03827}.Ad-Hoc|Any CPU.ActiveCfg = Debug|Any CPU
		{6FB1AAFC-3FDC-4839-B995-061EE8C03827}.Ad-Hoc|Any CPU.Build.0 = Debug|Any CPU
		{6FB1AAFC-3FDC-4839-B995-061EE8C03827}.Ad-Hoc|Any CPU.Deploy.0 = Debug|Any CPU
		{6FB1AAFC-3FDC-4839-B995-061EE8C03827}.Ad-Hoc|ARM.ActiveCfg = Debug|Any CPU
		{6FB1AAFC-3FDC-4839-B995-061EE8C03827}.Ad-Hoc|ARM.Build.0 = Debug|Any CPU
		{6FB1AAFC-3FDC-4839-B995-061EE8C03827}.Ad-Hoc|ARM.Deploy.0 = Debug|Any CPU
		{6FB1AAFC-3FDC-4839-B995-061EE8C03827}.Ad-Hoc|iPhone.ActiveCfg = Debug|Any CPU
		{6FB1AAFC-3FDC-4839-B995-061EE8C03827}.Ad-Hoc|iPhone.Build.0 = Debug|Any CPU
		{6FB1AAFC-3FDC-4839-B995-061EE8C03827}.Ad-Hoc|iPhone.Deploy.0 = Debug|Any CPU
		{6FB1AAFC-3FDC-4839-B995-061EE8C03827}.Ad-Hoc|iPhoneSimulator.ActiveCfg = Debug|Any CPU
		{6FB1AAFC-3FDC-4839-B995-061EE8C03827}.Ad-Hoc|iPhoneSimulator.Build.0 = Debug|Any CPU
		{6FB1AAFC-3FDC-4839-B995-061EE8C03827}.Ad-Hoc|iPhoneSimulator.Deploy.0 = Debug|Any CPU
		{6FB1AAFC-3FDC-4839-B995-061EE8C03827}.Ad-Hoc|x64.ActiveCfg = Debug|Any CPU
		{6FB1AAFC-3FDC-4839-B995-061EE8C03827}.Ad-Hoc|x64.Build.0 = Debug|Any CPU
		{6FB1AAFC-3FDC-4839-B995-061EE8C03827}.Ad-Hoc|x64.Deploy.0 = Debug|Any CPU
		{6FB1AAFC-3FDC-4839-B995-061EE8C03827}.Ad-Hoc|x86.ActiveCfg = Debug|Any CPU
		{6FB1AAFC-3FDC-4839-B995-061EE8C03827}.Ad-Hoc|x86.Build.0 = Debug|Any CPU
		{6FB1AAFC-3FDC-4839-B995-061EE8C03827}.Ad-Hoc|x86.Deploy.0 = Debug|Any CPU
		{6FB1AAFC-3FDC-4839-B995-061EE8C03827}.AppStore|Any CPU.ActiveCfg = Debug|Any CPU
		{6FB1AAFC-3FDC-4839-B995-061EE8C03827}.AppStore|Any CPU.Build.0 = Debug|Any CPU
		{6FB1AAFC-3FDC-4839-B995-061EE8C03827}.AppStore|Any CPU.Deploy.0 = Debug|Any CPU
		{6FB1AAFC-3FDC-4839-B995-061EE8C03827}.AppStore|ARM.ActiveCfg = Debug|Any CPU
		{6FB1AAFC-3FDC-4839-B995-061EE8C03827}.AppStore|ARM.Build.0 = Debug|Any CPU
		{6FB1AAFC-3FDC-4839-B995-061EE8C03827}.AppStore|ARM.Deploy.0 = Debug|Any CPU
		{6FB1AAFC-3FDC-4839-B995-061EE8C03827}.AppStore|iPhone.ActiveCfg = Debug|Any CPU
		{6FB1AAFC-3FDC-4839-B995-061EE8C03827}.AppStore|iPhone.Build.0 = Debug|Any CPU
		{6FB1AAFC-3FDC-4839-B995-061EE8C03827}.AppStore|iPhone.Deploy.0 = Debug|Any CPU
		{6FB1AAFC-3FDC-4839-B995-061EE8C03827}.AppStore|iPhoneSimulator.ActiveCfg = Debug|Any CPU
		{6FB1AAFC-3FDC-4839-B995-061EE8C03827}.AppStore|iPhoneSimulator.Build.0 = Debug|Any CPU
		{6FB1AAFC-3FDC-4839-B995-061EE8C03827}.AppStore|iPhoneSimulator.Deploy.0 = Debug|Any CPU
		{6FB1AAFC-3FDC-4839-B995-061EE8C03827}.AppStore|x64.ActiveCfg = Debug|Any CPU
		{6FB1AAFC-3FDC-4839-B995-061EE8C03827}.AppStore|x64.Build.0 = Debug|Any CPU
		{6FB1AAFC-3FDC-4839-B995-061EE8C03827}.AppStore|x64.Deploy.0 = Debug|Any CPU
		{6FB1AAFC-3FDC-4839-B995-061EE8C03827}.AppStore|x86.ActiveCfg = Debug|Any CPU
		{6FB1AAFC-3FDC-4839-B995-061EE8C03827}.AppStore|x86.Build.0 = Debug|Any CPU
		{6FB1AAFC-3FDC-4839-B995-061EE8C03827}.AppStore|x86.Deploy.0 = Debug|Any CPU
		{6FB1AAFC-3FDC-4839-B995-061EE8C03827}.Debug|Any CPU.ActiveCfg = Debug|Any CPU
		{6FB1AAFC-3FDC-4839-B995-061EE8C03827}.Debug|Any CPU.Build.0 = Debug|Any CPU
		{6FB1AAFC-3FDC-4839-B995-061EE8C03827}.Debug|Any CPU.Deploy.0 = Debug|Any CPU
		{6FB1AAFC-3FDC-4839-B995-061EE8C03827}.Debug|ARM.ActiveCfg = Debug|Any CPU
		{6FB1AAFC-3FDC-4839-B995-061EE8C03827}.Debug|ARM.Build.0 = Debug|Any CPU
		{6FB1AAFC-3FDC-4839-B995-061EE8C03827}.Debug|ARM.Deploy.0 = Debug|Any CPU
		{6FB1AAFC-3FDC-4839-B995-061EE8C03827}.Debug|iPhone.ActiveCfg = Debug|Any CPU
		{6FB1AAFC-3FDC-4839-B995-061EE8C03827}.Debug|iPhone.Build.0 = Debug|Any CPU
		{6FB1AAFC-3FDC-4839-B995-061EE8C03827}.Debug|iPhone.Deploy.0 = Debug|Any CPU
		{6FB1AAFC-3FDC-4839-B995-061EE8C03827}.Debug|iPhoneSimulator.ActiveCfg = Debug|Any CPU
		{6FB1AAFC-3FDC-4839-B995-061EE8C03827}.Debug|iPhoneSimulator.Build.0 = Debug|Any CPU
		{6FB1AAFC-3FDC-4839-B995-061EE8C03827}.Debug|iPhoneSimulator.Deploy.0 = Debug|Any CPU
		{6FB1AAFC-3FDC-4839-B995-061EE8C03827}.Debug|x64.ActiveCfg = Debug|Any CPU
		{6FB1AAFC-3FDC-4839-B995-061EE8C03827}.Debug|x64.Build.0 = Debug|Any CPU
		{6FB1AAFC-3FDC-4839-B995-061EE8C03827}.Debug|x64.Deploy.0 = Debug|Any CPU
		{6FB1AAFC-3FDC-4839-B995-061EE8C03827}.Debug|x86.ActiveCfg = Debug|Any CPU
		{6FB1AAFC-3FDC-4839-B995-061EE8C03827}.Debug|x86.Build.0 = Debug|Any CPU
		{6FB1AAFC-3FDC-4839-B995-061EE8C03827}.Debug|x86.Deploy.0 = Debug|Any CPU
		{6FB1AAFC-3FDC-4839-B995-061EE8C03827}.Release|Any CPU.ActiveCfg = Release|Any CPU
		{6FB1AAFC-3FDC-4839-B995-061EE8C03827}.Release|Any CPU.Build.0 = Release|Any CPU
		{6FB1AAFC-3FDC-4839-B995-061EE8C03827}.Release|Any CPU.Deploy.0 = Release|Any CPU
		{6FB1AAFC-3FDC-4839-B995-061EE8C03827}.Release|ARM.ActiveCfg = Release|Any CPU
		{6FB1AAFC-3FDC-4839-B995-061EE8C03827}.Release|ARM.Build.0 = Release|Any CPU
		{6FB1AAFC-3FDC-4839-B995-061EE8C03827}.Release|ARM.Deploy.0 = Release|Any CPU
		{6FB1AAFC-3FDC-4839-B995-061EE8C03827}.Release|iPhone.ActiveCfg = Release|Any CPU
		{6FB1AAFC-3FDC-4839-B995-061EE8C03827}.Release|iPhone.Build.0 = Release|Any CPU
		{6FB1AAFC-3FDC-4839-B995-061EE8C03827}.Release|iPhone.Deploy.0 = Release|Any CPU
		{6FB1AAFC-3FDC-4839-B995-061EE8C03827}.Release|iPhoneSimulator.ActiveCfg = Release|Any CPU
		{6FB1AAFC-3FDC-4839-B995-061EE8C03827}.Release|iPhoneSimulator.Build.0 = Release|Any CPU
		{6FB1AAFC-3FDC-4839-B995-061EE8C03827}.Release|iPhoneSimulator.Deploy.0 = Release|Any CPU
		{6FB1AAFC-3FDC-4839-B995-061EE8C03827}.Release|x64.ActiveCfg = Release|Any CPU
		{6FB1AAFC-3FDC-4839-B995-061EE8C03827}.Release|x64.Build.0 = Release|Any CPU
		{6FB1AAFC-3FDC-4839-B995-061EE8C03827}.Release|x64.Deploy.0 = Release|Any CPU
		{6FB1AAFC-3FDC-4839-B995-061EE8C03827}.Release|x86.ActiveCfg = Release|Any CPU
		{6FB1AAFC-3FDC-4839-B995-061EE8C03827}.Release|x86.Build.0 = Release|Any CPU
		{6FB1AAFC-3FDC-4839-B995-061EE8C03827}.Release|x86.Deploy.0 = Release|Any CPU
		{7C03B3C0-62F2-4450-8911-55BB05D3BDFE}.Ad-Hoc|Any CPU.ActiveCfg = Debug|Any CPU
		{7C03B3C0-62F2-4450-8911-55BB05D3BDFE}.Ad-Hoc|Any CPU.Build.0 = Debug|Any CPU
		{7C03B3C0-62F2-4450-8911-55BB05D3BDFE}.Ad-Hoc|ARM.ActiveCfg = Debug|Any CPU
		{7C03B3C0-62F2-4450-8911-55BB05D3BDFE}.Ad-Hoc|ARM.Build.0 = Debug|Any CPU
		{7C03B3C0-62F2-4450-8911-55BB05D3BDFE}.Ad-Hoc|iPhone.ActiveCfg = Debug|Any CPU
		{7C03B3C0-62F2-4450-8911-55BB05D3BDFE}.Ad-Hoc|iPhone.Build.0 = Debug|Any CPU
		{7C03B3C0-62F2-4450-8911-55BB05D3BDFE}.Ad-Hoc|iPhoneSimulator.ActiveCfg = Debug|Any CPU
		{7C03B3C0-62F2-4450-8911-55BB05D3BDFE}.Ad-Hoc|iPhoneSimulator.Build.0 = Debug|Any CPU
		{7C03B3C0-62F2-4450-8911-55BB05D3BDFE}.Ad-Hoc|x64.ActiveCfg = Debug|Any CPU
		{7C03B3C0-62F2-4450-8911-55BB05D3BDFE}.Ad-Hoc|x64.Build.0 = Debug|Any CPU
		{7C03B3C0-62F2-4450-8911-55BB05D3BDFE}.Ad-Hoc|x86.ActiveCfg = Debug|Any CPU
		{7C03B3C0-62F2-4450-8911-55BB05D3BDFE}.Ad-Hoc|x86.Build.0 = Debug|Any CPU
		{7C03B3C0-62F2-4450-8911-55BB05D3BDFE}.AppStore|Any CPU.ActiveCfg = Debug|Any CPU
		{7C03B3C0-62F2-4450-8911-55BB05D3BDFE}.AppStore|Any CPU.Build.0 = Debug|Any CPU
		{7C03B3C0-62F2-4450-8911-55BB05D3BDFE}.AppStore|ARM.ActiveCfg = Debug|Any CPU
		{7C03B3C0-62F2-4450-8911-55BB05D3BDFE}.AppStore|ARM.Build.0 = Debug|Any CPU
		{7C03B3C0-62F2-4450-8911-55BB05D3BDFE}.AppStore|iPhone.ActiveCfg = Debug|Any CPU
		{7C03B3C0-62F2-4450-8911-55BB05D3BDFE}.AppStore|iPhone.Build.0 = Debug|Any CPU
		{7C03B3C0-62F2-4450-8911-55BB05D3BDFE}.AppStore|iPhoneSimulator.ActiveCfg = Debug|Any CPU
		{7C03B3C0-62F2-4450-8911-55BB05D3BDFE}.AppStore|iPhoneSimulator.Build.0 = Debug|Any CPU
		{7C03B3C0-62F2-4450-8911-55BB05D3BDFE}.AppStore|x64.ActiveCfg = Debug|Any CPU
		{7C03B3C0-62F2-4450-8911-55BB05D3BDFE}.AppStore|x64.Build.0 = Debug|Any CPU
		{7C03B3C0-62F2-4450-8911-55BB05D3BDFE}.AppStore|x86.ActiveCfg = Debug|Any CPU
		{7C03B3C0-62F2-4450-8911-55BB05D3BDFE}.AppStore|x86.Build.0 = Debug|Any CPU
		{7C03B3C0-62F2-4450-8911-55BB05D3BDFE}.Debug|Any CPU.ActiveCfg = Debug|Any CPU
		{7C03B3C0-62F2-4450-8911-55BB05D3BDFE}.Debug|Any CPU.Build.0 = Debug|Any CPU
		{7C03B3C0-62F2-4450-8911-55BB05D3BDFE}.Debug|ARM.ActiveCfg = Debug|Any CPU
		{7C03B3C0-62F2-4450-8911-55BB05D3BDFE}.Debug|ARM.Build.0 = Debug|Any CPU
		{7C03B3C0-62F2-4450-8911-55BB05D3BDFE}.Debug|iPhone.ActiveCfg = Debug|Any CPU
		{7C03B3C0-62F2-4450-8911-55BB05D3BDFE}.Debug|iPhone.Build.0 = Debug|Any CPU
		{7C03B3C0-62F2-4450-8911-55BB05D3BDFE}.Debug|iPhoneSimulator.ActiveCfg = Debug|Any CPU
		{7C03B3C0-62F2-4450-8911-55BB05D3BDFE}.Debug|iPhoneSimulator.Build.0 = Debug|Any CPU
		{7C03B3C0-62F2-4450-8911-55BB05D3BDFE}.Debug|x64.ActiveCfg = Debug|Any CPU
		{7C03B3C0-62F2-4450-8911-55BB05D3BDFE}.Debug|x64.Build.0 = Debug|Any CPU
		{7C03B3C0-62F2-4450-8911-55BB05D3BDFE}.Debug|x86.ActiveCfg = Debug|Any CPU
		{7C03B3C0-62F2-4450-8911-55BB05D3BDFE}.Release|Any CPU.ActiveCfg = Release|Any CPU
		{7C03B3C0-62F2-4450-8911-55BB05D3BDFE}.Release|Any CPU.Build.0 = Release|Any CPU
		{7C03B3C0-62F2-4450-8911-55BB05D3BDFE}.Release|ARM.ActiveCfg = Release|Any CPU
		{7C03B3C0-62F2-4450-8911-55BB05D3BDFE}.Release|ARM.Build.0 = Release|Any CPU
		{7C03B3C0-62F2-4450-8911-55BB05D3BDFE}.Release|iPhone.ActiveCfg = Release|Any CPU
		{7C03B3C0-62F2-4450-8911-55BB05D3BDFE}.Release|iPhone.Build.0 = Release|Any CPU
		{7C03B3C0-62F2-4450-8911-55BB05D3BDFE}.Release|iPhoneSimulator.ActiveCfg = Release|Any CPU
		{7C03B3C0-62F2-4450-8911-55BB05D3BDFE}.Release|iPhoneSimulator.Build.0 = Release|Any CPU
		{7C03B3C0-62F2-4450-8911-55BB05D3BDFE}.Release|x64.ActiveCfg = Release|Any CPU
		{7C03B3C0-62F2-4450-8911-55BB05D3BDFE}.Release|x64.Build.0 = Release|Any CPU
		{7C03B3C0-62F2-4450-8911-55BB05D3BDFE}.Release|x86.ActiveCfg = Release|Any CPU
		{7C03B3C0-62F2-4450-8911-55BB05D3BDFE}.Release|x86.Build.0 = Release|Any CPU
	EndGlobalSection
	GlobalSection(SolutionProperties) = preSolution
		HideSolutionNode = FALSE
	EndGlobalSection
	GlobalSection(ExtensibilityGlobals) = postSolution
		SolutionGuid = {EDF7A305-04CF-4994-A6D7-C170093EEADB}
	EndGlobalSection
EndGlobal
